
Microsoft Visual Studio Solution File, Format Version 12.00
# Visual Studio Version 16
VisualStudioVersion = 16.0.31019.35
MinimumVisualStudioVersion = 10.0.40219.1
Project("{FAE04EC0-301F-11D3-BF4B-00C04F79EFBC}") = "WindowsFormsApp1", "WindowsFormsApp1\WindowsFormsApp1.csproj", "{34F48C77-449F-40DB-9D59-F32CE6593309}"
EndProject
Global
	GlobalSection(SolutionConfigurationPlatforms) = preSolution
		Debug|Any CPU = Debug|Any CPU
		Release|Any CPU = Release|Any CPU
	EndGlobalSection
	GlobalSection(ProjectConfigurationPlatforms) = postSolution
		{34F48C77-449F-40DB-9D59-F32CE6593309}.Debug|Any CPU.ActiveCfg = Debug|Any CPU
		{34F48C77-449F-40DB-9D59-F32CE6593309}.Debug|Any CPU.Build.0 = Debug|Any CPU
		{34F48C77-449F-40DB-9D59-F32CE6593309}.Release|Any CPU.ActiveCfg = Release|Any CPU
		{34F48C77-449F-40DB-9D59-F32CE6593309}.Release|Any CPU.Build.0 = Release|Any CPU
	EndGlobalSection
	GlobalSection(SolutionProperties) = preSolution
		HideSolutionNode = FALSE
	EndGlobalSection
	GlobalSection(ExtensibilityGlobals) = postSolution
		SolutionGuid = {6A9D66EF-E536-4393-8548-10E397B5D08A}
	EndGlobalSection
EndGlobal
